
Microsoft Visual Studio Solution File, Format Version 12.00
# Visual Studio Version 17
VisualStudioVersion = 17.7.34031.279
MinimumVisualStudioVersion = 10.0.40219.1
Project("{9A19103F-16F7-4668-BE54-9A1E7A4F7556}") = "restaurant_os", "restaurant_os\restaurant_os.csproj", "{810E59F0-0890-4AAC-B8C4-A510ECC9D6F1}"
EndProject
Project("{9A19103F-16F7-4668-BE54-9A1E7A4F7556}") = "Sinif.Proje", "Sinif.Proje\Sinif.Proje.csproj", "{E5C6BF2F-47B2-40E0-911F-186CD97D4D05}"
EndProject
Global
	GlobalSection(SolutionConfigurationPlatforms) = preSolution
		Debug|Any CPU = Debug|Any CPU
		Release|Any CPU = Release|Any CPU
	EndGlobalSection
	GlobalSection(ProjectConfigurationPlatforms) = postSolution
		{810E59F0-0890-4AAC-B8C4-A510ECC9D6F1}.Debug|Any CPU.ActiveCfg = Debug|Any CPU
		{810E59F0-0890-4AAC-B8C4-A510ECC9D6F1}.Debug|Any CPU.Build.0 = Debug|Any CPU
		{810E59F0-0890-4AAC-B8C4-A510ECC9D6F1}.Release|Any CPU.ActiveCfg = Release|Any CPU
		{810E59F0-0890-4AAC-B8C4-A510ECC9D6F1}.Release|Any CPU.Build.0 = Release|Any CPU
		{E5C6BF2F-47B2-40E0-911F-186CD97D4D05}.Debug|Any CPU.ActiveCfg = Debug|Any CPU
		{E5C6BF2F-47B2-40E0-911F-186CD97D4D05}.Debug|Any CPU.Build.0 = Debug|Any CPU
		{E5C6BF2F-47B2-40E0-911F-186CD97D4D05}.Release|Any CPU.ActiveCfg = Release|Any CPU
		{E5C6BF2F-47B2-40E0-911F-186CD97D4D05}.Release|Any CPU.Build.0 = Release|Any CPU
	EndGlobalSection
	GlobalSection(SolutionProperties) = preSolution
		HideSolutionNode = FALSE
	EndGlobalSection
	GlobalSection(ExtensibilityGlobals) = postSolution
		SolutionGuid = {62E8F7CF-2688-48C1-A8B4-E9602394F967}
	EndGlobalSection
EndGlobal
